// !$*UTF8*$!
{
	archiveVersion = 1;
	classes = {
	};
	objectVersion = 50;
	objects = {

/* Begin PBXBuildFile section */
		96340BA525CB74A800FF5245 /* hikeData.json in Resources */ = {isa = PBXBuildFile; fileRef = 96340BA425CB74A800FF5245 /* hikeData.json */; };
		96340BA825CB74C300FF5245 /* Hike.swift in Sources */ = {isa = PBXBuildFile; fileRef = 96340BA725CB74C300FF5245 /* Hike.swift */; };
		96340BAF25CB75FA00FF5245 /* GraphCapsule.swift in Sources */ = {isa = PBXBuildFile; fileRef = 96340BAB25CB75FA00FF5245 /* GraphCapsule.swift */; };
		96340BB025CB75FA00FF5245 /* HikeGraph.swift in Sources */ = {isa = PBXBuildFile; fileRef = 96340BAC25CB75FA00FF5245 /* HikeGraph.swift */; };
		96340BB125CB75FA00FF5245 /* HikeDetail.swift in Sources */ = {isa = PBXBuildFile; fileRef = 96340BAD25CB75FA00FF5245 /* HikeDetail.swift */; };
		96340BB225CB75FA00FF5245 /* HikeView.swift in Sources */ = {isa = PBXBuildFile; fileRef = 96340BAE25CB75FA00FF5245 /* HikeView.swift */; };
		96340BB825CC5C8200FF5245 /* CategoryHome.swift in Sources */ = {isa = PBXBuildFile; fileRef = 96340BB725CC5C8200FF5245 /* CategoryHome.swift */; };
		96340BBC25CC605400FF5245 /* CategoryRow.swift in Sources */ = {isa = PBXBuildFile; fileRef = 96340BBB25CC605400FF5245 /* CategoryRow.swift */; };
		96340BBF25CC62A800FF5245 /* CategoryItem.swift in Sources */ = {isa = PBXBuildFile; fileRef = 96340BBE25CC62A800FF5245 /* CategoryItem.swift */; };
		967DCA2C25B1F93F00F94DDD /* LandmarkList.swift in Sources */ = {isa = PBXBuildFile; fileRef = 967DCA2B25B1F93F00F94DDD /* LandmarkList.swift */; };
		967DCA3125B202D500F94DDD /* LandmarkDetail.swift in Sources */ = {isa = PBXBuildFile; fileRef = 967DCA3025B202D500F94DDD /* LandmarkDetail.swift */; };
		967DCA3625B8FB7D00F94DDD /* FavoriteButton.swift in Sources */ = {isa = PBXBuildFile; fileRef = 967DCA3525B8FB7D00F94DDD /* FavoriteButton.swift */; };
		967DCA4325BA0AD200F94DDD /* HexagonParameters.swift in Sources */ = {isa = PBXBuildFile; fileRef = 967DCA4225BA0AD200F94DDD /* HexagonParameters.swift */; };
		967DCA4625BA39AC00F94DDD /* BadgeBackground.swift in Sources */ = {isa = PBXBuildFile; fileRef = 967DCA4525BA39AB00F94DDD /* BadgeBackground.swift */; };
		967DCA4925BA460D00F94DDD /* BadgeSymbol.swift in Sources */ = {isa = PBXBuildFile; fileRef = 967DCA4825BA460D00F94DDD /* BadgeSymbol.swift */; };
		967DCA4C25BA511100F94DDD /* RotatedBadgeSymbol.swift in Sources */ = {isa = PBXBuildFile; fileRef = 967DCA4B25BA511100F94DDD /* RotatedBadgeSymbol.swift */; };
		967DCA4F25BA6F8200F94DDD /* Badge.swift in Sources */ = {isa = PBXBuildFile; fileRef = 967DCA4E25BA6F8200F94DDD /* Badge.swift */; };
		96B18D5225B0FFB200CCB5ED /* LandmarksApp.swift in Sources */ = {isa = PBXBuildFile; fileRef = 96B18D5125B0FFB200CCB5ED /* LandmarksApp.swift */; };
		96B18D5425B0FFB200CCB5ED /* ContentView.swift in Sources */ = {isa = PBXBuildFile; fileRef = 96B18D5325B0FFB200CCB5ED /* ContentView.swift */; };
		96B18D5625B0FFB400CCB5ED /* Assets.xcassets in Resources */ = {isa = PBXBuildFile; fileRef = 96B18D5525B0FFB400CCB5ED /* Assets.xcassets */; };
		96B18D5925B0FFB400CCB5ED /* Preview Assets.xcassets in Resources */ = {isa = PBXBuildFile; fileRef = 96B18D5825B0FFB400CCB5ED /* Preview Assets.xcassets */; };
		96B18D6225B10B5000CCB5ED /* CircleImage.swift in Sources */ = {isa = PBXBuildFile; fileRef = 96B18D6125B10B5000CCB5ED /* CircleImage.swift */; };
		96B18D6525B10C9A00CCB5ED /* MapView.swift in Sources */ = {isa = PBXBuildFile; fileRef = 96B18D6425B10C9A00CCB5ED /* MapView.swift */; };
		96B18D6825B115A900CCB5ED /* landmarkData.json in Resources */ = {isa = PBXBuildFile; fileRef = 96B18D6725B115A900CCB5ED /* landmarkData.json */; };
		96B18D6B25B115CA00CCB5ED /* Landmark.swift in Sources */ = {isa = PBXBuildFile; fileRef = 96B18D6A25B115CA00CCB5ED /* Landmark.swift */; };
		96B18D6E25B1185F00CCB5ED /* ModelData.swift in Sources */ = {isa = PBXBuildFile; fileRef = 96B18D6D25B1185F00CCB5ED /* ModelData.swift */; };
		96D9B03525C0FD42004D19AA /* LandmarkRow.swift in Sources */ = {isa = PBXBuildFile; fileRef = 96D9B03425C0FD42004D19AA /* LandmarkRow.swift */; };
/* End PBXBuildFile section */

/* Begin PBXFileReference section */
		96340BA425CB74A800FF5245 /* hikeData.json */ = {isa = PBXFileReference; fileEncoding = 4; lastKnownFileType = text.json; path = hikeData.json; sourceTree = "<group>"; };
		96340BA725CB74C300FF5245 /* Hike.swift */ = {isa = PBXFileReference; lastKnownFileType = sourcecode.swift; path = Hike.swift; sourceTree = "<group>"; };
		96340BAB25CB75FA00FF5245 /* GraphCapsule.swift */ = {isa = PBXFileReference; fileEncoding = 4; lastKnownFileType = sourcecode.swift; path = GraphCapsule.swift; sourceTree = "<group>"; };
		96340BAC25CB75FA00FF5245 /* HikeGraph.swift */ = {isa = PBXFileReference; fileEncoding = 4; lastKnownFileType = sourcecode.swift; path = HikeGraph.swift; sourceTree = "<group>"; };
		96340BAD25CB75FA00FF5245 /* HikeDetail.swift */ = {isa = PBXFileReference; fileEncoding = 4; lastKnownFileType = sourcecode.swift; path = HikeDetail.swift; sourceTree = "<group>"; };
		96340BAE25CB75FA00FF5245 /* HikeView.swift */ = {isa = PBXFileReference; fileEncoding = 4; lastKnownFileType = sourcecode.swift; path = HikeView.swift; sourceTree = "<group>"; };
		96340BB725CC5C8200FF5245 /* CategoryHome.swift */ = {isa = PBXFileReference; lastKnownFileType = sourcecode.swift; path = CategoryHome.swift; sourceTree = "<group>"; };
		96340BBB25CC605400FF5245 /* CategoryRow.swift */ = {isa = PBXFileReference; lastKnownFileType = sourcecode.swift; path = CategoryRow.swift; sourceTree = "<group>"; };
		96340BBE25CC62A800FF5245 /* CategoryItem.swift */ = {isa = PBXFileReference; lastKnownFileType = sourcecode.swift; path = CategoryItem.swift; sourceTree = "<group>"; };
		967DCA2B25B1F93F00F94DDD /* LandmarkList.swift */ = {isa = PBXFileReference; lastKnownFileType = sourcecode.swift; path = LandmarkList.swift; sourceTree = "<group>"; };
		967DCA3025B202D500F94DDD /* LandmarkDetail.swift */ = {isa = PBXFileReference; lastKnownFileType = sourcecode.swift; path = LandmarkDetail.swift; sourceTree = "<group>"; };
		967DCA3525B8FB7D00F94DDD /* FavoriteButton.swift */ = {isa = PBXFileReference; lastKnownFileType = sourcecode.swift; path = FavoriteButton.swift; sourceTree = "<group>"; };
		967DCA4225BA0AD200F94DDD /* HexagonParameters.swift */ = {isa = PBXFileReference; lastKnownFileType = sourcecode.swift; path = HexagonParameters.swift; sourceTree = "<group>"; };
		967DCA4525BA39AB00F94DDD /* BadgeBackground.swift */ = {isa = PBXFileReference; lastKnownFileType = sourcecode.swift; path = BadgeBackground.swift; sourceTree = "<group>"; };
		967DCA4825BA460D00F94DDD /* BadgeSymbol.swift */ = {isa = PBXFileReference; lastKnownFileType = sourcecode.swift; path = BadgeSymbol.swift; sourceTree = "<group>"; };
		967DCA4B25BA511100F94DDD /* RotatedBadgeSymbol.swift */ = {isa = PBXFileReference; lastKnownFileType = sourcecode.swift; path = RotatedBadgeSymbol.swift; sourceTree = "<group>"; };
		967DCA4E25BA6F8200F94DDD /* Badge.swift */ = {isa = PBXFileReference; lastKnownFileType = sourcecode.swift; path = Badge.swift; sourceTree = "<group>"; };
		96B18D4E25B0FFB200CCB5ED /* Landmarks.app */ = {isa = PBXFileReference; explicitFileType = wrapper.application; includeInIndex = 0; path = Landmarks.app; sourceTree = BUILT_PRODUCTS_DIR; };
		96B18D5125B0FFB200CCB5ED /* LandmarksApp.swift */ = {isa = PBXFileReference; lastKnownFileType = sourcecode.swift; path = LandmarksApp.swift; sourceTree = "<group>"; };
		96B18D5325B0FFB200CCB5ED /* ContentView.swift */ = {isa = PBXFileReference; lastKnownFileType = sourcecode.swift; path = ContentView.swift; sourceTree = "<group>"; };
		96B18D5525B0FFB400CCB5ED /* Assets.xcassets */ = {isa = PBXFileReference; lastKnownFileType = folder.assetcatalog; path = Assets.xcassets; sourceTree = "<group>"; };
		96B18D5825B0FFB400CCB5ED /* Preview Assets.xcassets */ = {isa = PBXFileReference; lastKnownFileType = folder.assetcatalog; path = "Preview Assets.xcassets"; sourceTree = "<group>"; };
		96B18D5A25B0FFB400CCB5ED /* Info.plist */ = {isa = PBXFileReference; lastKnownFileType = text.plist.xml; path = Info.plist; sourceTree = "<group>"; };
		96B18D6125B10B5000CCB5ED /* CircleImage.swift */ = {isa = PBXFileReference; lastKnownFileType = sourcecode.swift; path = CircleImage.swift; sourceTree = "<group>"; };
		96B18D6425B10C9A00CCB5ED /* MapView.swift */ = {isa = PBXFileReference; lastKnownFileType = sourcecode.swift; path = MapView.swift; sourceTree = "<group>"; };
		96B18D6725B115A900CCB5ED /* landmarkData.json */ = {isa = PBXFileReference; fileEncoding = 4; lastKnownFileType = text.json; path = landmarkData.json; sourceTree = "<group>"; };
		96B18D6A25B115CA00CCB5ED /* Landmark.swift */ = {isa = PBXFileReference; lastKnownFileType = sourcecode.swift; path = Landmark.swift; sourceTree = "<group>"; };
		96B18D6D25B1185F00CCB5ED /* ModelData.swift */ = {isa = PBXFileReference; lastKnownFileType = sourcecode.swift; path = ModelData.swift; sourceTree = "<group>"; };
		96D9B03425C0FD42004D19AA /* LandmarkRow.swift */ = {isa = PBXFileReference; lastKnownFileType = sourcecode.swift; path = LandmarkRow.swift; sourceTree = "<group>"; };
/* End PBXFileReference section */

/* Begin PBXFrameworksBuildPhase section */
		96B18D4B25B0FFB200CCB5ED /* Frameworks */ = {
			isa = PBXFrameworksBuildPhase;
			buildActionMask = 2147483647;
			files = (
			);
			runOnlyForDeploymentPostprocessing = 0;
		};
/* End PBXFrameworksBuildPhase section */

/* Begin PBXGroup section */
		96340BAA25CB75FA00FF5245 /* Hikes */ = {
			isa = PBXGroup;
			children = (
				96340BAB25CB75FA00FF5245 /* GraphCapsule.swift */,
				96340BAC25CB75FA00FF5245 /* HikeGraph.swift */,
				96340BAD25CB75FA00FF5245 /* HikeDetail.swift */,
				96340BAE25CB75FA00FF5245 /* HikeView.swift */,
			);
			path = Hikes;
			sourceTree = "<group>";
		};
		96340BB625CC5C4D00FF5245 /* Categories */ = {
			isa = PBXGroup;
			children = (
				96340BB725CC5C8200FF5245 /* CategoryHome.swift */,
				96340BBB25CC605400FF5245 /* CategoryRow.swift */,
				96340BBE25CC62A800FF5245 /* CategoryItem.swift */,
			);
			path = Categories;
			sourceTree = "<group>";
		};
		967DCA3825B8FC6200F94DDD /* Helpers */ = {
			isa = PBXGroup;
			children = (
				967DCA3525B8FB7D00F94DDD /* FavoriteButton.swift */,
				96B18D6125B10B5000CCB5ED /* CircleImage.swift */,
				96B18D6425B10C9A00CCB5ED /* MapView.swift */,
			);
			path = Helpers;
			sourceTree = "<group>";
		};
		967DCA3A25B8FC9300F94DDD /* Landmarks */ = {
			isa = PBXGroup;
			children = (
				967DCA2B25B1F93F00F94DDD /* LandmarkList.swift */,
				967DCA3025B202D500F94DDD /* LandmarkDetail.swift */,
				96D9B03425C0FD42004D19AA /* LandmarkRow.swift */,
			);
			path = Landmarks;
			sourceTree = "<group>";
		};
		967DCA5125BA732D00F94DDD /* Badges */ = {
			isa = PBXGroup;
			children = (
				967DCA4225BA0AD200F94DDD /* HexagonParameters.swift */,
				967DCA4525BA39AB00F94DDD /* BadgeBackground.swift */,
				967DCA4825BA460D00F94DDD /* BadgeSymbol.swift */,
				967DCA4B25BA511100F94DDD /* RotatedBadgeSymbol.swift */,
				967DCA4E25BA6F8200F94DDD /* Badge.swift */,
			);
			path = Badges;
			sourceTree = "<group>";
		};
		96B18D4525B0FFB200CCB5ED = {
			isa = PBXGroup;
			children = (
				96B18D5025B0FFB200CCB5ED /* Landmarks */,
				96B18D4F25B0FFB200CCB5ED /* Products */,
			);
			sourceTree = "<group>";
		};
		96B18D4F25B0FFB200CCB5ED /* Products */ = {
			isa = PBXGroup;
			children = (
				96B18D4E25B0FFB200CCB5ED /* Landmarks.app */,
			);
			name = Products;
			sourceTree = "<group>";
		};
		96B18D5025B0FFB200CCB5ED /* Landmarks */ = {
			isa = PBXGroup;
			children = (
				96B18D5125B0FFB200CCB5ED /* LandmarksApp.swift */,
				96B18D7025B1274E00CCB5ED /* Views */,
				96B18D7225B1275A00CCB5ED /* Model */,
				96B18D5525B0FFB400CCB5ED /* Assets.xcassets */,
				96B18D5A25B0FFB400CCB5ED /* Info.plist */,
				96B18D7425B1276700CCB5ED /* Resources */,
				96B18D5725B0FFB400CCB5ED /* Preview Content */,
			);
			path = Landmarks;
			sourceTree = "<group>";
		};
		96B18D5725B0FFB400CCB5ED /* Preview Content */ = {
			isa = PBXGroup;
			children = (
				96B18D5825B0FFB400CCB5ED /* Preview Assets.xcassets */,
			);
			path = "Preview Content";
			sourceTree = "<group>";
		};
		96B18D7025B1274E00CCB5ED /* Views */ = {
			isa = PBXGroup;
			children = (
				96340BB625CC5C4D00FF5245 /* Categories */,
				96340BAA25CB75FA00FF5245 /* Hikes */,
				967DCA3A25B8FC9300F94DDD /* Landmarks */,
				967DCA3825B8FC6200F94DDD /* Helpers */,
				96B18D5325B0FFB200CCB5ED /* ContentView.swift */,
				967DCA5125BA732D00F94DDD /* Badges */,
			);
			path = Views;
			sourceTree = "<group>";
		};
		96B18D7225B1275A00CCB5ED /* Model */ = {
			isa = PBXGroup;
			children = (
				96B18D6A25B115CA00CCB5ED /* Landmark.swift */,
				96B18D6D25B1185F00CCB5ED /* ModelData.swift */,
				96340BA725CB74C300FF5245 /* Hike.swift */,
			);
			path = Model;
			sourceTree = "<group>";
		};
		96B18D7425B1276700CCB5ED /* Resources */ = {
			isa = PBXGroup;
			children = (
				96340BA425CB74A800FF5245 /* hikeData.json */,
				96B18D6725B115A900CCB5ED /* landmarkData.json */,
			);
			path = Resources;
			sourceTree = "<group>";
		};
/* End PBXGroup section */

/* Begin PBXNativeTarget section */
		96B18D4D25B0FFB200CCB5ED /* Landmarks */ = {
			isa = PBXNativeTarget;
			buildConfigurationList = 96B18D5D25B0FFB400CCB5ED /* Build configuration list for PBXNativeTarget "Landmarks" */;
			buildPhases = (
				96B18D4A25B0FFB200CCB5ED /* Sources */,
				96B18D4B25B0FFB200CCB5ED /* Frameworks */,
				96B18D4C25B0FFB200CCB5ED /* Resources */,
			);
			buildRules = (
			);
			dependencies = (
			);
			name = Landmarks;
			productName = Landmarks;
			productReference = 96B18D4E25B0FFB200CCB5ED /* Landmarks.app */;
			productType = "com.apple.product-type.application";
		};
/* End PBXNativeTarget section */

/* Begin PBXProject section */
		96B18D4625B0FFB200CCB5ED /* Project object */ = {
			isa = PBXProject;
			attributes = {
				LastSwiftUpdateCheck = 1230;
				LastUpgradeCheck = 1230;
				TargetAttributes = {
					96B18D4D25B0FFB200CCB5ED = {
						CreatedOnToolsVersion = 12.3;
					};
				};
			};
			buildConfigurationList = 96B18D4925B0FFB200CCB5ED /* Build configuration list for PBXProject "Landmarks" */;
			compatibilityVersion = "Xcode 9.3";
			developmentRegion = en;
			hasScannedForEncodings = 0;
			knownRegions = (
				en,
				Base,
			);
			mainGroup = 96B18D4525B0FFB200CCB5ED;
			productRefGroup = 96B18D4F25B0FFB200CCB5ED /* Products */;
			projectDirPath = "";
			projectRoot = "";
			targets = (
				96B18D4D25B0FFB200CCB5ED /* Landmarks */,
			);
		};
/* End PBXProject section */

/* Begin PBXResourcesBuildPhase section */
		96B18D4C25B0FFB200CCB5ED /* Resources */ = {
			isa = PBXResourcesBuildPhase;
			buildActionMask = 2147483647;
			files = (
				96340BA525CB74A800FF5245 /* hikeData.json in Resources */,
				96B18D5925B0FFB400CCB5ED /* Preview Assets.xcassets in Resources */,
				96B18D5625B0FFB400CCB5ED /* Assets.xcassets in Resources */,
				96B18D6825B115A900CCB5ED /* landmarkData.json in Resources */,
			);
			runOnlyForDeploymentPostprocessing = 0;
		};
/* End PBXResourcesBuildPhase section */

/* Begin PBXSourcesBuildPhase section */
		96B18D4A25B0FFB200CCB5ED /* Sources */ = {
			isa = PBXSourcesBuildPhase;
			buildActionMask = 2147483647;
			files = (
				96340BBC25CC605400FF5245 /* CategoryRow.swift in Sources */,
				96B18D5425B0FFB200CCB5ED /* ContentView.swift in Sources */,
				96340BB825CC5C8200FF5245 /* CategoryHome.swift in Sources */,
				96340BB025CB75FA00FF5245 /* HikeGraph.swift in Sources */,
				967DCA4F25BA6F8200F94DDD /* Badge.swift in Sources */,
				96B18D6525B10C9A00CCB5ED /* MapView.swift in Sources */,
				96340BAF25CB75FA00FF5245 /* GraphCapsule.swift in Sources */,
				96B18D5225B0FFB200CCB5ED /* LandmarksApp.swift in Sources */,
				967DCA3625B8FB7D00F94DDD /* FavoriteButton.swift in Sources */,
				96340BBF25CC62A800FF5245 /* CategoryItem.swift in Sources */,
				96340BB125CB75FA00FF5245 /* HikeDetail.swift in Sources */,
				967DCA4325BA0AD200F94DDD /* HexagonParameters.swift in Sources */,
				96340BA825CB74C300FF5245 /* Hike.swift in Sources */,
				967DCA4C25BA511100F94DDD /* RotatedBadgeSymbol.swift in Sources */,
				967DCA4925BA460D00F94DDD /* BadgeSymbol.swift in Sources */,
				967DCA2C25B1F93F00F94DDD /* LandmarkList.swift in Sources */,
				96340BB225CB75FA00FF5245 /* HikeView.swift in Sources */,
				967DCA3125B202D500F94DDD /* LandmarkDetail.swift in Sources */,
				967DCA4625BA39AC00F94DDD /* BadgeBackground.swift in Sources */,
				96B18D6225B10B5000CCB5ED /* CircleImage.swift in Sources */,
				96B18D6B25B115CA00CCB5ED /* Landmark.swift in Sources */,
				96D9B03525C0FD42004D19AA /* LandmarkRow.swift in Sources */,
				96B18D6E25B1185F00CCB5ED /* ModelData.swift in Sources */,
			);
			runOnlyForDeploymentPostprocessing = 0;
		};
/* End PBXSourcesBuildPhase section */

/* Begin XCBuildConfiguration section */
		96B18D5B25B0FFB400CCB5ED /* Debug */ = {
			isa = XCBuildConfiguration;
			buildSettings = {
				ALWAYS_SEARCH_USER_PATHS = NO;
				CLANG_ANALYZER_NONNULL = YES;
				CLANG_ANALYZER_NUMBER_OBJECT_CONVERSION = YES_AGGRESSIVE;
				CLANG_CXX_LANGUAGE_STANDARD = "gnu++14";
				CLANG_CXX_LIBRARY = "libc++";
				CLANG_ENABLE_MODULES = YES;
				CLANG_ENABLE_OBJC_ARC = YES;
				CLANG_ENABLE_OBJC_WEAK = YES;
				CLANG_WARN_BLOCK_CAPTURE_AUTORELEASING = YES;
				CLANG_WARN_BOOL_CONVERSION = YES;
				CLANG_WARN_COMMA = YES;
				CLANG_WARN_CONSTANT_CONVERSION = YES;
				CLANG_WARN_DEPRECATED_OBJC_IMPLEMENTATIONS = YES;
				CLANG_WARN_DIRECT_OBJC_ISA_USAGE = YES_ERROR;
				CLANG_WARN_DOCUMENTATION_COMMENTS = YES;
				CLANG_WARN_EMPTY_BODY = YES;
				CLANG_WARN_ENUM_CONVERSION = YES;
				CLANG_WARN_INFINITE_RECURSION = YES;
				CLANG_WARN_INT_CONVERSION = YES;
				CLANG_WARN_NON_LITERAL_NULL_CONVERSION = YES;
				CLANG_WARN_OBJC_IMPLICIT_RETAIN_SELF = YES;
				CLANG_WARN_OBJC_LITERAL_CONVERSION = YES;
				CLANG_WARN_OBJC_ROOT_CLASS = YES_ERROR;
				CLANG_WARN_QUOTED_INCLUDE_IN_FRAMEWORK_HEADER = YES;
				CLANG_WARN_RANGE_LOOP_ANALYSIS = YES;
				CLANG_WARN_STRICT_PROTOTYPES = YES;
				CLANG_WARN_SUSPICIOUS_MOVE = YES;
				CLANG_WARN_UNGUARDED_AVAILABILITY = YES_AGGRESSIVE;
				CLANG_WARN_UNREACHABLE_CODE = YES;
				CLANG_WARN__DUPLICATE_METHOD_MATCH = YES;
				COPY_PHASE_STRIP = NO;
				DEBUG_INFORMATION_FORMAT = dwarf;
				ENABLE_STRICT_OBJC_MSGSEND = YES;
				ENABLE_TESTABILITY = YES;
				GCC_C_LANGUAGE_STANDARD = gnu11;
				GCC_DYNAMIC_NO_PIC = NO;
				GCC_NO_COMMON_BLOCKS = YES;
				GCC_OPTIMIZATION_LEVEL = 0;
				GCC_PREPROCESSOR_DEFINITIONS = (
					"DEBUG=1",
					"$(inherited)",
				);
				GCC_WARN_64_TO_32_BIT_CONVERSION = YES;
				GCC_WARN_ABOUT_RETURN_TYPE = YES_ERROR;
				GCC_WARN_UNDECLARED_SELECTOR = YES;
				GCC_WARN_UNINITIALIZED_AUTOS = YES_AGGRESSIVE;
				GCC_WARN_UNUSED_FUNCTION = YES;
				GCC_WARN_UNUSED_VARIABLE = YES;
				IPHONEOS_DEPLOYMENT_TARGET = 14.3;
				MTL_ENABLE_DEBUG_INFO = INCLUDE_SOURCE;
				MTL_FAST_MATH = YES;
				ONLY_ACTIVE_ARCH = YES;
				SDKROOT = iphoneos;
				SWIFT_ACTIVE_COMPILATION_CONDITIONS = DEBUG;
				SWIFT_OPTIMIZATION_LEVEL = "-Onone";
			};
			name = Debug;
		};
		96B18D5C25B0FFB400CCB5ED /* Release */ = {
			isa = XCBuildConfiguration;
			buildSettings = {
				ALWAYS_SEARCH_USER_PATHS = NO;
				CLANG_ANALYZER_NONNULL = YES;
				CLANG_ANALYZER_NUMBER_OBJECT_CONVERSION = YES_AGGRESSIVE;
				CLANG_CXX_LANGUAGE_STANDARD = "gnu++14";
				CLANG_CXX_LIBRARY = "libc++";
				CLANG_ENABLE_MODULES = YES;
				CLANG_ENABLE_OBJC_ARC = YES;
				CLANG_ENABLE_OBJC_WEAK = YES;
				CLANG_WARN_BLOCK_CAPTURE_AUTORELEASING = YES;
				CLANG_WARN_BOOL_CONVERSION = YES;
				CLANG_WARN_COMMA = YES;
				CLANG_WARN_CONSTANT_CONVERSION = YES;
				CLANG_WARN_DEPRECATED_OBJC_IMPLEMENTATIONS = YES;
				CLANG_WARN_DIRECT_OBJC_ISA_USAGE = YES_ERROR;
				CLANG_WARN_DOCUMENTATION_COMMENTS = YES;
				CLANG_WARN_EMPTY_BODY = YES;
				CLANG_WARN_ENUM_CONVERSION = YES;
				CLANG_WARN_INFINITE_RECURSION = YES;
				CLANG_WARN_INT_CONVERSION = YES;
				CLANG_WARN_NON_LITERAL_NULL_CONVERSION = YES;
				CLANG_WARN_OBJC_IMPLICIT_RETAIN_SELF = YES;
				CLANG_WARN_OBJC_LITERAL_CONVERSION = YES;
				CLANG_WARN_OBJC_ROOT_CLASS = YES_ERROR;
				CLANG_WARN_QUOTED_INCLUDE_IN_FRAMEWORK_HEADER = YES;
				CLANG_WARN_RANGE_LOOP_ANALYSIS = YES;
				CLANG_WARN_STRICT_PROTOTYPES = YES;
				CLANG_WARN_SUSPICIOUS_MOVE = YES;
				CLANG_WARN_UNGUARDED_AVAILABILITY = YES_AGGRESSIVE;
				CLANG_WARN_UNREACHABLE_CODE = YES;
				CLANG_WARN__DUPLICATE_METHOD_MATCH = YES;
				COPY_PHASE_STRIP = NO;
				DEBUG_INFORMATION_FORMAT = "dwarf-with-dsym";
				ENABLE_NS_ASSERTIONS = NO;
				ENABLE_STRICT_OBJC_MSGSEND = YES;
				GCC_C_LANGUAGE_STANDARD = gnu11;
				GCC_NO_COMMON_BLOCKS = YES;
				GCC_WARN_64_TO_32_BIT_CONVERSION = YES;
				GCC_WARN_ABOUT_RETURN_TYPE = YES_ERROR;
				GCC_WARN_UNDECLARED_SELECTOR = YES;
				GCC_WARN_UNINITIALIZED_AUTOS = YES_AGGRESSIVE;
				GCC_WARN_UNUSED_FUNCTION = YES;
				GCC_WARN_UNUSED_VARIABLE = YES;
				IPHONEOS_DEPLOYMENT_TARGET = 14.3;
				MTL_ENABLE_DEBUG_INFO = NO;
				MTL_FAST_MATH = YES;
				SDKROOT = iphoneos;
				SWIFT_COMPILATION_MODE = wholemodule;
				SWIFT_OPTIMIZATION_LEVEL = "-O";
				VALIDATE_PRODUCT = YES;
			};
			name = Release;
		};
		96B18D5E25B0FFB400CCB5ED /* Debug */ = {
			isa = XCBuildConfiguration;
			buildSettings = {
				ASSETCATALOG_COMPILER_APPICON_NAME = AppIcon;
				ASSETCATALOG_COMPILER_GLOBAL_ACCENT_COLOR_NAME = AccentColor;
				CODE_SIGN_STYLE = Automatic;
				DEVELOPMENT_ASSET_PATHS = "\"Landmarks/Preview Content\"";
				DEVELOPMENT_TEAM = TVM52USV56;
				ENABLE_PREVIEWS = YES;
				INFOPLIST_FILE = Landmarks/Info.plist;
				IPHONEOS_DEPLOYMENT_TARGET = 14.0;
				LD_RUNPATH_SEARCH_PATHS = (
					"$(inherited)",
					"@executable_path/Frameworks",
				);
				PRODUCT_BUNDLE_IDENTIFIER = com.hidanerferrer.Landmarks.Landmarks;
				PRODUCT_NAME = "$(TARGET_NAME)";
				SWIFT_VERSION = 5.0;
				TARGETED_DEVICE_FAMILY = "1,2";
			};
			name = Debug;
		};
		96B18D5F25B0FFB400CCB5ED /* Release */ = {
			isa = XCBuildConfiguration;
			buildSettings = {
				ASSETCATALOG_COMPILER_APPICON_NAME = AppIcon;
				ASSETCATALOG_COMPILER_GLOBAL_ACCENT_COLOR_NAME = AccentColor;
				CODE_SIGN_STYLE = Automatic;
				DEVELOPMENT_ASSET_PATHS = "\"Landmarks/Preview Content\"";
				DEVELOPMENT_TEAM = TVM52USV56;
				ENABLE_PREVIEWS = YES;
				INFOPLIST_FILE = Landmarks/Info.plist;
				IPHONEOS_DEPLOYMENT_TARGET = 14.0;
				LD_RUNPATH_SEARCH_PATHS = (
					"$(inherited)",
					"@executable_path/Frameworks",
				);
				PRODUCT_BUNDLE_IDENTIFIER = com.hidanerferrer.Landmarks.Landmarks;
				PRODUCT_NAME = "$(TARGET_NAME)";
				SWIFT_VERSION = 5.0;
				TARGETED_DEVICE_FAMILY = "1,2";
			};
			name = Release;
		};
/* End XCBuildConfiguration section */

/* Begin XCConfigurationList section */
		96B18D4925B0FFB200CCB5ED /* Build configuration list for PBXProject "Landmarks" */ = {
			isa = XCConfigurationList;
			buildConfigurations = (
				96B18D5B25B0FFB400CCB5ED /* Debug */,
				96B18D5C25B0FFB400CCB5ED /* Release */,
			);
			defaultConfigurationIsVisible = 0;
			defaultConfigurationName = Release;
		};
		96B18D5D25B0FFB400CCB5ED /* Build configuration list for PBXNativeTarget "Landmarks" */ = {
			isa = XCConfigurationList;
			buildConfigurations = (
				96B18D5E25B0FFB400CCB5ED /* Debug */,
				96B18D5F25B0FFB400CCB5ED /* Release */,
			);
			defaultConfigurationIsVisible = 0;
			defaultConfigurationName = Release;
		};
/* End XCConfigurationList section */
	};
	rootObject = 96B18D4625B0FFB200CCB5ED /* Project object */;
}
